
Microsoft Visual Studio Solution File, Format Version 12.00
# Visual Studio 14
VisualStudioVersion = 14.0.23107.0
MinimumVisualStudioVersion = 10.0.40219.1
Project("{FAE04EC0-301F-11D3-BF4B-00C04F79EFBC}") = "Xml-Json-Ini_Exchanger", "proj\Xml-Json-Ini_Exchanger\Xml-Json-Ini_Exchanger.csproj", "{1486ADA1-BCDD-4E15-B406-141B485E7C4D}"
EndProject
Project("{FAE04EC0-301F-11D3-BF4B-00C04F79EFBC}") = "ArmyAntTools-Win32", "proj\ArmyAntTools-Win32\ArmyAntTools-Win32.csproj", "{EF8F4BD2-6D7F-491B-A590-BEAEED48DAEE}"
EndProject
Global
	GlobalSection(SolutionConfigurationPlatforms) = preSolution
		Debug|Any CPU = Debug|Any CPU
		Release|Any CPU = Release|Any CPU
	EndGlobalSection
	GlobalSection(ProjectConfigurationPlatforms) = postSolution
		{1486ADA1-BCDD-4E15-B406-141B485E7C4D}.Debug|Any CPU.ActiveCfg = Debug|Any CPU
		{1486ADA1-BCDD-4E15-B406-141B485E7C4D}.Debug|Any CPU.Build.0 = Debug|Any CPU
		{1486ADA1-BCDD-4E15-B406-141B485E7C4D}.Release|Any CPU.ActiveCfg = Release|Any CPU
		{1486ADA1-BCDD-4E15-B406-141B485E7C4D}.Release|Any CPU.Build.0 = Release|Any CPU
		{EF8F4BD2-6D7F-491B-A590-BEAEED48DAEE}.Debug|Any CPU.ActiveCfg = Debug|Any CPU
		{EF8F4BD2-6D7F-491B-A590-BEAEED48DAEE}.Debug|Any CPU.Build.0 = Debug|Any CPU
		{EF8F4BD2-6D7F-491B-A590-BEAEED48DAEE}.Release|Any CPU.ActiveCfg = Release|Any CPU
		{EF8F4BD2-6D7F-491B-A590-BEAEED48DAEE}.Release|Any CPU.Build.0 = Release|Any CPU
	EndGlobalSection
	GlobalSection(SolutionProperties) = preSolution
		HideSolutionNode = FALSE
	EndGlobalSection
EndGlobal
